
Microsoft Visual Studio Solution File, Format Version 12.00
# Visual Studio Version 17
VisualStudioVersion = 17.2.32630.192
MinimumVisualStudioVersion = 10.0.40219.1
Project("{FAE04EC0-301F-11D3-BF4B-00C04F79EFBC}") = "WangYiCloudMusicCore", "WangYiCloudMusicCore\WangYiCloudMusicCore.csproj", "{B3181631-8C47-45FA-B3EB-48086C0EEF00}"
EndProject
Project("{FAE04EC0-301F-11D3-BF4B-00C04F79EFBC}") = "WangYiCloudTest", "WangYiCloudTest\WangYiCloudTest.csproj", "{0AD6C285-6D20-4725-9794-7612A6289E3A}"
EndProject
Global
	GlobalSection(SolutionConfigurationPlatforms) = preSolution
		Debug|Any CPU = Debug|Any CPU
		Release|Any CPU = Release|Any CPU
	EndGlobalSection
	GlobalSection(ProjectConfigurationPlatforms) = postSolution
		{B3181631-8C47-45FA-B3EB-48086C0EEF00}.Debug|Any CPU.ActiveCfg = Debug|Any CPU
		{B3181631-8C47-45FA-B3EB-48086C0EEF00}.Debug|Any CPU.Build.0 = Debug|Any CPU
		{B3181631-8C47-45FA-B3EB-48086C0EEF00}.Release|Any CPU.ActiveCfg = Release|Any CPU
		{B3181631-8C47-45FA-B3EB-48086C0EEF00}.Release|Any CPU.Build.0 = Release|Any CPU
		{0AD6C285-6D20-4725-9794-7612A6289E3A}.Debug|Any CPU.ActiveCfg = Debug|Any CPU
		{0AD6C285-6D20-4725-9794-7612A6289E3A}.Debug|Any CPU.Build.0 = Debug|Any CPU
		{0AD6C285-6D20-4725-9794-7612A6289E3A}.Release|Any CPU.ActiveCfg = Release|Any CPU
		{0AD6C285-6D20-4725-9794-7612A6289E3A}.Release|Any CPU.Build.0 = Release|Any CPU
	EndGlobalSection
	GlobalSection(SolutionProperties) = preSolution
		HideSolutionNode = FALSE
	EndGlobalSection
	GlobalSection(ExtensibilityGlobals) = postSolution
		SolutionGuid = {D55920CE-8607-46C2-94E2-BF3298C16DC1}
	EndGlobalSection
EndGlobal
